
Microsoft Visual Studio Solution File, Format Version 12.00
# Visual Studio Version 16
VisualStudioVersion = 16.0.30709.132
MinimumVisualStudioVersion = 10.0.40219.1
Project("{FAE04EC0-301F-11D3-BF4B-00C04F79EFBC}") = "Tic Tac Toe", "Tic Tac Toe\Tic Tac Toe.csproj", "{2018AA27-F02B-47F8-98B4-3FFAC8698B70}"
EndProject
Global
	GlobalSection(SolutionConfigurationPlatforms) = preSolution
		Debug|Any CPU = Debug|Any CPU
		Release|Any CPU = Release|Any CPU
	EndGlobalSection
	GlobalSection(ProjectConfigurationPlatforms) = postSolution
		{2018AA27-F02B-47F8-98B4-3FFAC8698B70}.Debug|Any CPU.ActiveCfg = Debug|Any CPU
		{2018AA27-F02B-47F8-98B4-3FFAC8698B70}.Debug|Any CPU.Build.0 = Debug|Any CPU
		{2018AA27-F02B-47F8-98B4-3FFAC8698B70}.Release|Any CPU.ActiveCfg = Release|Any CPU
		{2018AA27-F02B-47F8-98B4-3FFAC8698B70}.Release|Any CPU.Build.0 = Release|Any CPU
	EndGlobalSection
	GlobalSection(SolutionProperties) = preSolution
		HideSolutionNode = FALSE
	EndGlobalSection
	GlobalSection(ExtensibilityGlobals) = postSolution
		SolutionGuid = {921010DB-791E-4877-93AB-8441D1962D7A}
	EndGlobalSection
EndGlobal
